
Microsoft Visual Studio Solution File, Format Version 12.00
# Visual Studio Version 17
VisualStudioVersion = 17.9.34622.214
MinimumVisualStudioVersion = 10.0.40219.1
Project("{FAE04EC0-301F-11D3-BF4B-00C04F79EFBC}") = "GestionDeClientes.BSS", "GestionDeClientes.BSS\GestionDeClientes.BSS.csproj", "{4430E631-7DAE-429E-BA57-56DB365DAA55}"
EndProject
Project("{FAE04EC0-301F-11D3-BF4B-00C04F79EFBC}") = "GestionDeClientes.DAL", "GestionDeClientes.DAL\GestionDeClientes.DAL.csproj", "{69BCFC0C-2828-47E1-9423-3223639182F2}"
EndProject
Project("{FAE04EC0-301F-11D3-BF4B-00C04F79EFBC}") = "GestionDeClientes.MODELOS", "GestionDeClientes.MODELOS\GestionDeClientes.MODELOS.csproj", "{D9DA7D02-E218-4F86-AC81-395A5CC712BF}"
EndProject
Project("{FAE04EC0-301F-11D3-BF4B-00C04F79EFBC}") = "GestionDeClientes.VISTAS", "GestionDeClientes.VISTAS\GestionDeClientes.VISTAS.csproj", "{D0DC1875-318E-49A8-B8B8-4898192464CB}"
EndProject
Global
	GlobalSection(SolutionConfigurationPlatforms) = preSolution
		Debug|Any CPU = Debug|Any CPU
		Release|Any CPU = Release|Any CPU
	EndGlobalSection
	GlobalSection(ProjectConfigurationPlatforms) = postSolution
		{4430E631-7DAE-429E-BA57-56DB365DAA55}.Debug|Any CPU.ActiveCfg = Debug|Any CPU
		{4430E631-7DAE-429E-BA57-56DB365DAA55}.Debug|Any CPU.Build.0 = Debug|Any CPU
		{4430E631-7DAE-429E-BA57-56DB365DAA55}.Release|Any CPU.ActiveCfg = Release|Any CPU
		{4430E631-7DAE-429E-BA57-56DB365DAA55}.Release|Any CPU.Build.0 = Release|Any CPU
		{69BCFC0C-2828-47E1-9423-3223639182F2}.Debug|Any CPU.ActiveCfg = Debug|Any CPU
		{69BCFC0C-2828-47E1-9423-3223639182F2}.Debug|Any CPU.Build.0 = Debug|Any CPU
		{69BCFC0C-2828-47E1-9423-3223639182F2}.Release|Any CPU.ActiveCfg = Release|Any CPU
		{69BCFC0C-2828-47E1-9423-3223639182F2}.Release|Any CPU.Build.0 = Release|Any CPU
		{D9DA7D02-E218-4F86-AC81-395A5CC712BF}.Debug|Any CPU.ActiveCfg = Debug|Any CPU
		{D9DA7D02-E218-4F86-AC81-395A5CC712BF}.Debug|Any CPU.Build.0 = Debug|Any CPU
		{D9DA7D02-E218-4F86-AC81-395A5CC712BF}.Release|Any CPU.ActiveCfg = Release|Any CPU
		{D9DA7D02-E218-4F86-AC81-395A5CC712BF}.Release|Any CPU.Build.0 = Release|Any CPU
		{D0DC1875-318E-49A8-B8B8-4898192464CB}.Debug|Any CPU.ActiveCfg = Debug|Any CPU
		{D0DC1875-318E-49A8-B8B8-4898192464CB}.Debug|Any CPU.Build.0 = Debug|Any CPU
		{D0DC1875-318E-49A8-B8B8-4898192464CB}.Release|Any CPU.ActiveCfg = Release|Any CPU
		{D0DC1875-318E-49A8-B8B8-4898192464CB}.Release|Any CPU.Build.0 = Release|Any CPU
	EndGlobalSection
	GlobalSection(SolutionProperties) = preSolution
		HideSolutionNode = FALSE
	EndGlobalSection
	GlobalSection(ExtensibilityGlobals) = postSolution
		SolutionGuid = {01FE22FC-9645-4DF2-A6EA-940B70144E4B}
	EndGlobalSection
EndGlobal
